
Microsoft Visual Studio Solution File, Format Version 12.00
# Visual Studio Version 16
VisualStudioVersion = 16.0.31515.178
MinimumVisualStudioVersion = 10.0.40219.1
Project("{FAE04EC0-301F-11D3-BF4B-00C04F79EFBC}") = "first_projet", "first_projet.csproj", "{F6011D76-EA4E-4FA5-A5D2-B150F6BD833D}"
EndProject
Global
	GlobalSection(SolutionConfigurationPlatforms) = preSolution
		Debug|Any CPU = Debug|Any CPU
		Release|Any CPU = Release|Any CPU
	EndGlobalSection
	GlobalSection(ProjectConfigurationPlatforms) = postSolution
		{F6011D76-EA4E-4FA5-A5D2-B150F6BD833D}.Debug|Any CPU.ActiveCfg = Debug|Any CPU
		{F6011D76-EA4E-4FA5-A5D2-B150F6BD833D}.Debug|Any CPU.Build.0 = Debug|Any CPU
		{F6011D76-EA4E-4FA5-A5D2-B150F6BD833D}.Release|Any CPU.ActiveCfg = Release|Any CPU
		{F6011D76-EA4E-4FA5-A5D2-B150F6BD833D}.Release|Any CPU.Build.0 = Release|Any CPU
	EndGlobalSection
	GlobalSection(SolutionProperties) = preSolution
		HideSolutionNode = FALSE
	EndGlobalSection
	GlobalSection(ExtensibilityGlobals) = postSolution
		SolutionGuid = {3CE17844-1DB2-4D1B-A053-F0940857BCE8}
	EndGlobalSection
EndGlobal
